
Microsoft Visual Studio Solution File, Format Version 12.00
# Visual Studio 14
VisualStudioVersion = 14.0.25420.1
MinimumVisualStudioVersion = 10.0.40219.1
Project("{FAE04EC0-301F-11D3-BF4B-00C04F79EFBC}") = "ByteBank.Portal", "ByteBank.Portal\ByteBank.Portal.csproj", "{0E9E434C-BD0B-450C-8010-91221E811C3B}"
EndProject
Project("{FAE04EC0-301F-11D3-BF4B-00C04F79EFBC}") = "ByteBank.Service", "ByteBank.Service\ByteBank.Service.csproj", "{EAACE486-C198-4062-9953-70BF984F4289}"
EndProject
Project("{FAE04EC0-301F-11D3-BF4B-00C04F79EFBC}") = "ByteBank.Forum", "ByteBank.Forum\ByteBank.Forum.csproj", "{2A59F750-726A-4F37-B489-4DF6C9024B5F}"
EndProject
Global
	GlobalSection(SolutionConfigurationPlatforms) = preSolution
		Debug|Any CPU = Debug|Any CPU
		Release|Any CPU = Release|Any CPU
	EndGlobalSection
	GlobalSection(ProjectConfigurationPlatforms) = postSolution
		{0E9E434C-BD0B-450C-8010-91221E811C3B}.Debug|Any CPU.ActiveCfg = Debug|Any CPU
		{0E9E434C-BD0B-450C-8010-91221E811C3B}.Debug|Any CPU.Build.0 = Debug|Any CPU
		{0E9E434C-BD0B-450C-8010-91221E811C3B}.Release|Any CPU.ActiveCfg = Release|Any CPU
		{0E9E434C-BD0B-450C-8010-91221E811C3B}.Release|Any CPU.Build.0 = Release|Any CPU
		{EAACE486-C198-4062-9953-70BF984F4289}.Debug|Any CPU.ActiveCfg = Debug|Any CPU
		{EAACE486-C198-4062-9953-70BF984F4289}.Debug|Any CPU.Build.0 = Debug|Any CPU
		{EAACE486-C198-4062-9953-70BF984F4289}.Release|Any CPU.ActiveCfg = Release|Any CPU
		{EAACE486-C198-4062-9953-70BF984F4289}.Release|Any CPU.Build.0 = Release|Any CPU
		{2A59F750-726A-4F37-B489-4DF6C9024B5F}.Debug|Any CPU.ActiveCfg = Debug|Any CPU
		{2A59F750-726A-4F37-B489-4DF6C9024B5F}.Debug|Any CPU.Build.0 = Debug|Any CPU
		{2A59F750-726A-4F37-B489-4DF6C9024B5F}.Release|Any CPU.ActiveCfg = Release|Any CPU
		{2A59F750-726A-4F37-B489-4DF6C9024B5F}.Release|Any CPU.Build.0 = Release|Any CPU
	EndGlobalSection
	GlobalSection(SolutionProperties) = preSolution
		HideSolutionNode = FALSE
	EndGlobalSection
	GlobalSection(TeamFoundationVersionControl) = preSolution
		SccNumberOfProjects = 4
		SccEnterpriseProvider = {4CA58AB2-18FA-4F8D-95D4-32DDF27D184C}
		SccTeamFoundationServer = https://mdalmeida79.visualstudio.com/
		SccLocalPath0 = .
		SccProjectUniqueName1 = ByteBank.Portal\\ByteBank.Portal.csproj
		SccProjectName1 = ByteBank.Portal
		SccLocalPath1 = ByteBank.Portal
		SccProjectUniqueName2 = ByteBank.Service\\ByteBank.Service.csproj
		SccProjectName2 = ByteBank.Service
		SccLocalPath2 = ByteBank.Service
		SccProjectUniqueName3 = ByteBank.Forum\\ByteBank.Forum.csproj
		SccProjectName3 = ByteBank.Forum
		SccLocalPath3 = ByteBank.Forum
	EndGlobalSection
EndGlobal
